
Microsoft Visual Studio Solution File, Format Version 12.00
# Visual Studio Version 16
VisualStudioVersion = 16.0.29519.87
MinimumVisualStudioVersion = 10.0.40219.1
Project("{FAE04EC0-301F-11D3-BF4B-00C04F79EFBC}") = "Advent2018_Day18", "Advent2018_Day18.csproj", "{F5321DBC-606D-48D5-AEA0-24A97FA76A8D}"
EndProject
Global
	GlobalSection(SolutionConfigurationPlatforms) = preSolution
		Debug|Any CPU = Debug|Any CPU
		Release|Any CPU = Release|Any CPU
	EndGlobalSection
	GlobalSection(ProjectConfigurationPlatforms) = postSolution
		{F5321DBC-606D-48D5-AEA0-24A97FA76A8D}.Debug|Any CPU.ActiveCfg = Debug|Any CPU
		{F5321DBC-606D-48D5-AEA0-24A97FA76A8D}.Debug|Any CPU.Build.0 = Debug|Any CPU
		{F5321DBC-606D-48D5-AEA0-24A97FA76A8D}.Release|Any CPU.ActiveCfg = Release|Any CPU
		{F5321DBC-606D-48D5-AEA0-24A97FA76A8D}.Release|Any CPU.Build.0 = Release|Any CPU
	EndGlobalSection
	GlobalSection(SolutionProperties) = preSolution
		HideSolutionNode = FALSE
	EndGlobalSection
	GlobalSection(ExtensibilityGlobals) = postSolution
		SolutionGuid = {EDF65D57-EFAA-4302-876E-5F1E81AE86D3}
	EndGlobalSection
EndGlobal
