
Microsoft Visual Studio Solution File, Format Version 12.00
# Visual Studio Version 16
VisualStudioVersion = 16.0.29503.13
MinimumVisualStudioVersion = 10.0.40219.1
Project("{FAE04EC0-301F-11D3-BF4B-00C04F79EFBC}") = "Advent2018_Day1", "Advent2018_Day1\Advent2018_Day1.csproj", "{97805220-9C86-45E3-9DCB-A9BD0ECDE7ED}"
EndProject
Global
	GlobalSection(SolutionConfigurationPlatforms) = preSolution
		Debug|Any CPU = Debug|Any CPU
		Release|Any CPU = Release|Any CPU
	EndGlobalSection
	GlobalSection(ProjectConfigurationPlatforms) = postSolution
		{97805220-9C86-45E3-9DCB-A9BD0ECDE7ED}.Debug|Any CPU.ActiveCfg = Debug|Any CPU
		{97805220-9C86-45E3-9DCB-A9BD0ECDE7ED}.Debug|Any CPU.Build.0 = Debug|Any CPU
		{97805220-9C86-45E3-9DCB-A9BD0ECDE7ED}.Release|Any CPU.ActiveCfg = Release|Any CPU
		{97805220-9C86-45E3-9DCB-A9BD0ECDE7ED}.Release|Any CPU.Build.0 = Release|Any CPU
	EndGlobalSection
	GlobalSection(SolutionProperties) = preSolution
		HideSolutionNode = FALSE
	EndGlobalSection
	GlobalSection(ExtensibilityGlobals) = postSolution
		SolutionGuid = {6F96596D-AE42-4C2E-883B-9F0AF357E3FB}
	EndGlobalSection
EndGlobal
