
Microsoft Visual Studio Solution File, Format Version 12.00
# Visual Studio Version 16
VisualStudioVersion = 16.0.29503.13
MinimumVisualStudioVersion = 10.0.40219.1
Project("{FAE04EC0-301F-11D3-BF4B-00C04F79EFBC}") = "Advent2018_Day10", "Advent2018_Day10\Advent2018_Day10.csproj", "{B831EC51-A639-4D7D-972C-952654F3AD56}"
EndProject
Global
	GlobalSection(SolutionConfigurationPlatforms) = preSolution
		Debug|Any CPU = Debug|Any CPU
		Release|Any CPU = Release|Any CPU
	EndGlobalSection
	GlobalSection(ProjectConfigurationPlatforms) = postSolution
		{B831EC51-A639-4D7D-972C-952654F3AD56}.Debug|Any CPU.ActiveCfg = Debug|Any CPU
		{B831EC51-A639-4D7D-972C-952654F3AD56}.Debug|Any CPU.Build.0 = Debug|Any CPU
		{B831EC51-A639-4D7D-972C-952654F3AD56}.Release|Any CPU.ActiveCfg = Release|Any CPU
		{B831EC51-A639-4D7D-972C-952654F3AD56}.Release|Any CPU.Build.0 = Release|Any CPU
	EndGlobalSection
	GlobalSection(SolutionProperties) = preSolution
		HideSolutionNode = FALSE
	EndGlobalSection
	GlobalSection(ExtensibilityGlobals) = postSolution
		SolutionGuid = {8EE5E409-41AB-4C46-84FE-FDFDB0FFDE8A}
	EndGlobalSection
EndGlobal
