
Microsoft Visual Studio Solution File, Format Version 12.00
# Visual Studio Version 16
VisualStudioVersion = 16.0.29519.87
MinimumVisualStudioVersion = 10.0.40219.1
Project("{FAE04EC0-301F-11D3-BF4B-00C04F79EFBC}") = "Advent2020_Day03", "Advent2020_Day03.csproj", "{6FE43BE8-3CE2-4EAE-B9EF-C7550164E6BA}"
EndProject
Global
	GlobalSection(SolutionConfigurationPlatforms) = preSolution
		Debug|Any CPU = Debug|Any CPU
		Release|Any CPU = Release|Any CPU
	EndGlobalSection
	GlobalSection(ProjectConfigurationPlatforms) = postSolution
		{6FE43BE8-3CE2-4EAE-B9EF-C7550164E6BA}.Debug|Any CPU.ActiveCfg = Debug|Any CPU
		{6FE43BE8-3CE2-4EAE-B9EF-C7550164E6BA}.Debug|Any CPU.Build.0 = Debug|Any CPU
		{6FE43BE8-3CE2-4EAE-B9EF-C7550164E6BA}.Release|Any CPU.ActiveCfg = Release|Any CPU
		{6FE43BE8-3CE2-4EAE-B9EF-C7550164E6BA}.Release|Any CPU.Build.0 = Release|Any CPU
	EndGlobalSection
	GlobalSection(SolutionProperties) = preSolution
		HideSolutionNode = FALSE
	EndGlobalSection
	GlobalSection(ExtensibilityGlobals) = postSolution
		SolutionGuid = {EEC32B97-4EE3-4173-B561-A2F9F5B89CE1}
	EndGlobalSection
EndGlobal
