
Microsoft Visual Studio Solution File, Format Version 12.00
# Visual Studio Version 16
VisualStudioVersion = 16.0.29503.13
MinimumVisualStudioVersion = 10.0.40219.1
Project("{FAE04EC0-301F-11D3-BF4B-00C04F79EFBC}") = "Advent2018_Day2", "Advent2018_Day2\Advent2018_Day2.csproj", "{2D463DB8-ACE4-47E7-B5A5-ABFD78503E60}"
EndProject
Global
	GlobalSection(SolutionConfigurationPlatforms) = preSolution
		Debug|Any CPU = Debug|Any CPU
		Release|Any CPU = Release|Any CPU
	EndGlobalSection
	GlobalSection(ProjectConfigurationPlatforms) = postSolution
		{2D463DB8-ACE4-47E7-B5A5-ABFD78503E60}.Debug|Any CPU.ActiveCfg = Debug|Any CPU
		{2D463DB8-ACE4-47E7-B5A5-ABFD78503E60}.Debug|Any CPU.Build.0 = Debug|Any CPU
		{2D463DB8-ACE4-47E7-B5A5-ABFD78503E60}.Release|Any CPU.ActiveCfg = Release|Any CPU
		{2D463DB8-ACE4-47E7-B5A5-ABFD78503E60}.Release|Any CPU.Build.0 = Release|Any CPU
	EndGlobalSection
	GlobalSection(SolutionProperties) = preSolution
		HideSolutionNode = FALSE
	EndGlobalSection
	GlobalSection(ExtensibilityGlobals) = postSolution
		SolutionGuid = {99CF5B74-EAE0-433F-9383-ECBD4FC783CE}
	EndGlobalSection
EndGlobal
